
Microsoft Visual Studio Solution File, Format Version 12.00
# Visual Studio Version 17
VisualStudioVersion = 17.4.33213.308
MinimumVisualStudioVersion = 10.0.40219.1
Project("{9A19103F-16F7-4668-BE54-9A1E7A4F7556}") = "Data", "Data\Data.csproj", "{264B1EA4-5DCE-440F-A1DA-107FB6C2A0D6}"
EndProject
Project("{9A19103F-16F7-4668-BE54-9A1E7A4F7556}") = "RobotApi", "RobotApi\RobotApi.csproj", "{476F7C90-2AF7-4D39-8352-E5B06A4F0AA4}"
EndProject
Project("{2150E333-8FDC-42A3-9474-1A3956D46DE8}") = "Services", "Services", "{7009C74D-9E14-472A-9143-F674EE764E4A}"
EndProject
Project("{2150E333-8FDC-42A3-9474-1A3956D46DE8}") = "Infrastructure", "Infrastructure", "{4D97C503-5134-4D95-BF9A-7E63D22AA73C}"
EndProject
Project("{2150E333-8FDC-42A3-9474-1A3956D46DE8}") = "Domain", "Domain", "{954A4710-74C3-4323-840A-62420105732D}"
EndProject
Project("{9A19103F-16F7-4668-BE54-9A1E7A4F7556}") = "Domain", "Domain\Domain.csproj", "{41098521-270D-4A85-9FCB-44463589DE9A}"
EndProject
Project("{2150E333-8FDC-42A3-9474-1A3956D46DE8}") = "API", "API", "{BFA41531-36B5-4A4A-B02F-15653E180BED}"
EndProject
Project("{9A19103F-16F7-4668-BE54-9A1E7A4F7556}") = "Services", "Services\Services.csproj", "{3048B9C6-30E9-418E-BD34-9824514DE1F9}"
EndProject
Project("{2150E333-8FDC-42A3-9474-1A3956D46DE8}") = "Application", "Application", "{5D680489-9481-4876-A146-281EE7522696}"
EndProject
Project("{9A19103F-16F7-4668-BE54-9A1E7A4F7556}") = "Application", "Application\Application.csproj", "{8F19C7D7-6DFF-4269-9DB0-B16EAF649AEC}"
EndProject
Project("{2150E333-8FDC-42A3-9474-1A3956D46DE8}") = "Tests", "Tests", "{B669AF93-7611-4FDA-9900-F8E340EDEA54}"
EndProject
Project("{9A19103F-16F7-4668-BE54-9A1E7A4F7556}") = "Tests", "RobotTests\Tests.csproj", "{E37E4A77-1762-4CAA-97B4-0110D6A33B93}"
EndProject
Project("{2150E333-8FDC-42A3-9474-1A3956D46DE8}") = "UI", "UI", "{A8BE7103-0614-4D09-88A1-7E85EB8A18AA}"
EndProject
Project("{9A19103F-16F7-4668-BE54-9A1E7A4F7556}") = "RobotUI", "..\..\Robo.UI\RobotUI.csproj", "{8BD9A07B-965F-4273-AA0D-55A5CD9E5290}"
EndProject
Project("{2150E333-8FDC-42A3-9474-1A3956D46DE8}") = "README", "README", "{F8AF4BF1-FAD9-4C32-83AF-06471C85C619}"
	ProjectSection(SolutionItems) = preProject
		README.md = README.md
	EndProjectSection
EndProject
Global
	GlobalSection(SolutionConfigurationPlatforms) = preSolution
		Debug|Any CPU = Debug|Any CPU
		Release|Any CPU = Release|Any CPU
	EndGlobalSection
	GlobalSection(ProjectConfigurationPlatforms) = postSolution
		{264B1EA4-5DCE-440F-A1DA-107FB6C2A0D6}.Debug|Any CPU.ActiveCfg = Debug|Any CPU
		{264B1EA4-5DCE-440F-A1DA-107FB6C2A0D6}.Debug|Any CPU.Build.0 = Debug|Any CPU
		{264B1EA4-5DCE-440F-A1DA-107FB6C2A0D6}.Release|Any CPU.ActiveCfg = Release|Any CPU
		{264B1EA4-5DCE-440F-A1DA-107FB6C2A0D6}.Release|Any CPU.Build.0 = Release|Any CPU
		{476F7C90-2AF7-4D39-8352-E5B06A4F0AA4}.Debug|Any CPU.ActiveCfg = Debug|Any CPU
		{476F7C90-2AF7-4D39-8352-E5B06A4F0AA4}.Debug|Any CPU.Build.0 = Debug|Any CPU
		{476F7C90-2AF7-4D39-8352-E5B06A4F0AA4}.Release|Any CPU.ActiveCfg = Release|Any CPU
		{476F7C90-2AF7-4D39-8352-E5B06A4F0AA4}.Release|Any CPU.Build.0 = Release|Any CPU
		{41098521-270D-4A85-9FCB-44463589DE9A}.Debug|Any CPU.ActiveCfg = Debug|Any CPU
		{41098521-270D-4A85-9FCB-44463589DE9A}.Debug|Any CPU.Build.0 = Debug|Any CPU
		{41098521-270D-4A85-9FCB-44463589DE9A}.Release|Any CPU.ActiveCfg = Release|Any CPU
		{41098521-270D-4A85-9FCB-44463589DE9A}.Release|Any CPU.Build.0 = Release|Any CPU
		{3048B9C6-30E9-418E-BD34-9824514DE1F9}.Debug|Any CPU.ActiveCfg = Debug|Any CPU
		{3048B9C6-30E9-418E-BD34-9824514DE1F9}.Debug|Any CPU.Build.0 = Debug|Any CPU
		{3048B9C6-30E9-418E-BD34-9824514DE1F9}.Release|Any CPU.ActiveCfg = Release|Any CPU
		{3048B9C6-30E9-418E-BD34-9824514DE1F9}.Release|Any CPU.Build.0 = Release|Any CPU
		{8F19C7D7-6DFF-4269-9DB0-B16EAF649AEC}.Debug|Any CPU.ActiveCfg = Debug|Any CPU
		{8F19C7D7-6DFF-4269-9DB0-B16EAF649AEC}.Debug|Any CPU.Build.0 = Debug|Any CPU
		{8F19C7D7-6DFF-4269-9DB0-B16EAF649AEC}.Release|Any CPU.ActiveCfg = Release|Any CPU
		{8F19C7D7-6DFF-4269-9DB0-B16EAF649AEC}.Release|Any CPU.Build.0 = Release|Any CPU
		{E37E4A77-1762-4CAA-97B4-0110D6A33B93}.Debug|Any CPU.ActiveCfg = Debug|Any CPU
		{E37E4A77-1762-4CAA-97B4-0110D6A33B93}.Debug|Any CPU.Build.0 = Debug|Any CPU
		{E37E4A77-1762-4CAA-97B4-0110D6A33B93}.Release|Any CPU.ActiveCfg = Release|Any CPU
		{E37E4A77-1762-4CAA-97B4-0110D6A33B93}.Release|Any CPU.Build.0 = Release|Any CPU
		{8BD9A07B-965F-4273-AA0D-55A5CD9E5290}.Debug|Any CPU.ActiveCfg = Debug|Any CPU
		{8BD9A07B-965F-4273-AA0D-55A5CD9E5290}.Debug|Any CPU.Build.0 = Debug|Any CPU
		{8BD9A07B-965F-4273-AA0D-55A5CD9E5290}.Release|Any CPU.ActiveCfg = Release|Any CPU
		{8BD9A07B-965F-4273-AA0D-55A5CD9E5290}.Release|Any CPU.Build.0 = Release|Any CPU
	EndGlobalSection
	GlobalSection(SolutionProperties) = preSolution
		HideSolutionNode = FALSE
	EndGlobalSection
	GlobalSection(NestedProjects) = preSolution
		{264B1EA4-5DCE-440F-A1DA-107FB6C2A0D6} = {4D97C503-5134-4D95-BF9A-7E63D22AA73C}
		{476F7C90-2AF7-4D39-8352-E5B06A4F0AA4} = {BFA41531-36B5-4A4A-B02F-15653E180BED}
		{41098521-270D-4A85-9FCB-44463589DE9A} = {954A4710-74C3-4323-840A-62420105732D}
		{3048B9C6-30E9-418E-BD34-9824514DE1F9} = {7009C74D-9E14-472A-9143-F674EE764E4A}
		{8F19C7D7-6DFF-4269-9DB0-B16EAF649AEC} = {5D680489-9481-4876-A146-281EE7522696}
		{E37E4A77-1762-4CAA-97B4-0110D6A33B93} = {B669AF93-7611-4FDA-9900-F8E340EDEA54}
		{8BD9A07B-965F-4273-AA0D-55A5CD9E5290} = {A8BE7103-0614-4D09-88A1-7E85EB8A18AA}
	EndGlobalSection
	GlobalSection(ExtensibilityGlobals) = postSolution
		SolutionGuid = {A7BB31C9-94E7-44AD-8393-C63582EC3F8C}
	EndGlobalSection
EndGlobal
